
Microsoft Visual Studio Solution File, Format Version 12.00
# Visual Studio Version 17
VisualStudioVersion = 17.6.33706.43
MinimumVisualStudioVersion = 10.0.40219.1
Project("{9A19103F-16F7-4668-BE54-9A1E7A4F7556}") = "Staff.WebAPI", "Staff.WebAPI\Staff.WebAPI.csproj", "{6DACB339-E26A-461D-A9FF-EFCE15AE8C8A}"
EndProject
Project("{9A19103F-16F7-4668-BE54-9A1E7A4F7556}") = "Staff.Data", "Staff.Data\Staff.Data.csproj", "{4905EAC1-537F-4044-8E54-BA147D84C92B}"
EndProject
Project("{9A19103F-16F7-4668-BE54-9A1E7A4F7556}") = "Staff.Service", "Staff.Service\Staff.Service.csproj", "{F25CD8C4-62C8-4590-B2B8-58F461B6522D}"
EndProject
Global
	GlobalSection(SolutionConfigurationPlatforms) = preSolution
		Debug|Any CPU = Debug|Any CPU
		Release|Any CPU = Release|Any CPU
	EndGlobalSection
	GlobalSection(ProjectConfigurationPlatforms) = postSolution
		{6DACB339-E26A-461D-A9FF-EFCE15AE8C8A}.Debug|Any CPU.ActiveCfg = Debug|Any CPU
		{6DACB339-E26A-461D-A9FF-EFCE15AE8C8A}.Debug|Any CPU.Build.0 = Debug|Any CPU
		{6DACB339-E26A-461D-A9FF-EFCE15AE8C8A}.Release|Any CPU.ActiveCfg = Release|Any CPU
		{6DACB339-E26A-461D-A9FF-EFCE15AE8C8A}.Release|Any CPU.Build.0 = Release|Any CPU
		{4905EAC1-537F-4044-8E54-BA147D84C92B}.Debug|Any CPU.ActiveCfg = Debug|Any CPU
		{4905EAC1-537F-4044-8E54-BA147D84C92B}.Debug|Any CPU.Build.0 = Debug|Any CPU
		{4905EAC1-537F-4044-8E54-BA147D84C92B}.Release|Any CPU.ActiveCfg = Release|Any CPU
		{4905EAC1-537F-4044-8E54-BA147D84C92B}.Release|Any CPU.Build.0 = Release|Any CPU
		{F25CD8C4-62C8-4590-B2B8-58F461B6522D}.Debug|Any CPU.ActiveCfg = Debug|Any CPU
		{F25CD8C4-62C8-4590-B2B8-58F461B6522D}.Debug|Any CPU.Build.0 = Debug|Any CPU
		{F25CD8C4-62C8-4590-B2B8-58F461B6522D}.Release|Any CPU.ActiveCfg = Release|Any CPU
		{F25CD8C4-62C8-4590-B2B8-58F461B6522D}.Release|Any CPU.Build.0 = Release|Any CPU
	EndGlobalSection
	GlobalSection(SolutionProperties) = preSolution
		HideSolutionNode = FALSE
	EndGlobalSection
	GlobalSection(ExtensibilityGlobals) = postSolution
		SolutionGuid = {5BEA2741-F1CF-4E49-AF37-6B0B409D6965}
	EndGlobalSection
EndGlobal
